// !$*UTF8*$!
{
	archiveVersion = 1;
	classes = {
	};
	objectVersion = 50;
	objects = {

/* Begin PBXBuildFile section */
		6D587503208986040059E2BE /* AppDelegate.swift in Sources */ = {isa = PBXBuildFile; fileRef = 6D587502208986040059E2BE /* AppDelegate.swift */; };
		6D587505208986040059E2BE /* ViewController.swift in Sources */ = {isa = PBXBuildFile; fileRef = 6D587504208986040059E2BE /* ViewController.swift */; };
		6D58750A208986050059E2BE /* Assets.xcassets in Resources */ = {isa = PBXBuildFile; fileRef = 6D587509208986050059E2BE /* Assets.xcassets */; };
		6D58750D208986050059E2BE /* LaunchScreen.storyboard in Resources */ = {isa = PBXBuildFile; fileRef = 6D58750B208986050059E2BE /* LaunchScreen.storyboard */; };
		6D58751E2089CDA20059E2BE /* AppDelegate.swift in Sources */ = {isa = PBXBuildFile; fileRef = 6D587502208986040059E2BE /* AppDelegate.swift */; };
		6D5875212089CDA20059E2BE /* LaunchScreen.storyboard in Resources */ = {isa = PBXBuildFile; fileRef = 6D58750B208986050059E2BE /* LaunchScreen.storyboard */; };
		6D5875222089CDA20059E2BE /* Main.storyboard in Resources */ = {isa = PBXBuildFile; fileRef = 6D5875192089CD010059E2BE /* Main.storyboard */; };
		6D5875232089CDA20059E2BE /* Assets.xcassets in Resources */ = {isa = PBXBuildFile; fileRef = 6D587509208986050059E2BE /* Assets.xcassets */; };
		6D58752D2089CE7B0059E2BE /* ViewController.swift in Sources */ = {isa = PBXBuildFile; fileRef = 6D58752B2089CDDC0059E2BE /* ViewController.swift */; };
		6D5875302089D1D20059E2BE /* Main.storyboard in Resources */ = {isa = PBXBuildFile; fileRef = 6D58752F2089D1D20059E2BE /* Main.storyboard */; };
/* End PBXBuildFile section */

/* Begin PBXFileReference section */
		6D5874FF208986040059E2BE /* Minimum.app */ = {isa = PBXFileReference; explicitFileType = wrapper.application; includeInIndex = 0; path = Minimum.app; sourceTree = BUILT_PRODUCTS_DIR; };
		6D587502208986040059E2BE /* AppDelegate.swift */ = {isa = PBXFileReference; lastKnownFileType = sourcecode.swift; path = AppDelegate.swift; sourceTree = "<group>"; };
		6D587504208986040059E2BE /* ViewController.swift */ = {isa = PBXFileReference; lastKnownFileType = sourcecode.swift; path = ViewController.swift; sourceTree = "<group>"; };
		6D587509208986050059E2BE /* Assets.xcassets */ = {isa = PBXFileReference; lastKnownFileType = folder.assetcatalog; path = Assets.xcassets; sourceTree = "<group>"; };
		6D58750C208986050059E2BE /* Base */ = {isa = PBXFileReference; lastKnownFileType = file.storyboard; name = Base; path = Base.lproj/LaunchScreen.storyboard; sourceTree = "<group>"; };
		6D58750E208986050059E2BE /* Minimum-Info.plist */ = {isa = PBXFileReference; lastKnownFileType = text.plist.xml; path = "Minimum-Info.plist"; sourceTree = "<group>"; };
		6D5875192089CD010059E2BE /* Main.storyboard */ = {isa = PBXFileReference; lastKnownFileType = file.storyboard; path = Main.storyboard; sourceTree = "<group>"; };
		6D5875282089CDA20059E2BE /* Other.app */ = {isa = PBXFileReference; explicitFileType = wrapper.application; includeInIndex = 0; path = Other.app; sourceTree = BUILT_PRODUCTS_DIR; };
		6D5875292089CDA20059E2BE /* Other-Info.plist */ = {isa = PBXFileReference; lastKnownFileType = text.plist.xml; name = "Other-Info.plist"; path = "/Users/takehiro/Documents/git/CollectionView/CollectionView/Other-Info.plist"; sourceTree = "<absolute>"; };
		6D58752B2089CDDC0059E2BE /* ViewController.swift */ = {isa = PBXFileReference; lastKnownFileType = sourcecode.swift; path = ViewController.swift; sourceTree = "<group>"; };
		6D58752F2089D1D20059E2BE /* Main.storyboard */ = {isa = PBXFileReference; lastKnownFileType = file.storyboard; path = Main.storyboard; sourceTree = "<group>"; };
/* End PBXFileReference section */

/* Begin PBXFrameworksBuildPhase section */
		6D5874FC208986040059E2BE /* Frameworks */ = {
			isa = PBXFrameworksBuildPhase;
			buildActionMask = 2147483647;
			files = (
			);
			runOnlyForDeploymentPostprocessing = 0;
		};
		6D58751F2089CDA20059E2BE /* Frameworks */ = {
			isa = PBXFrameworksBuildPhase;
			buildActionMask = 2147483647;
			files = (
			);
			runOnlyForDeploymentPostprocessing = 0;
		};
/* End PBXFrameworksBuildPhase section */

/* Begin PBXGroup section */
		6D5874F6208986040059E2BE = {
			isa = PBXGroup;
			children = (
				6D587501208986040059E2BE /* CollectionView */,
				6D587500208986040059E2BE /* Products */,
			);
			sourceTree = "<group>";
		};
		6D587500208986040059E2BE /* Products */ = {
			isa = PBXGroup;
			children = (
				6D5874FF208986040059E2BE /* Minimum.app */,
				6D5875282089CDA20059E2BE /* Other.app */,
			);
			name = Products;
			sourceTree = "<group>";
		};
		6D587501208986040059E2BE /* CollectionView */ = {
			isa = PBXGroup;
			children = (
				6D5875162089CC340059E2BE /* Minimum */,
				6D5875182089CCE20059E2BE /* Other */,
				6D587502208986040059E2BE /* AppDelegate.swift */,
				6D587509208986050059E2BE /* Assets.xcassets */,
				6D58750B208986050059E2BE /* LaunchScreen.storyboard */,
				6D58750E208986050059E2BE /* Minimum-Info.plist */,
				6D5875292089CDA20059E2BE /* Other-Info.plist */,
			);
			path = CollectionView;
			sourceTree = "<group>";
		};
		6D5875162089CC340059E2BE /* Minimum */ = {
			isa = PBXGroup;
			children = (
				6D58752F2089D1D20059E2BE /* Main.storyboard */,
				6D587504208986040059E2BE /* ViewController.swift */,
			);
			path = Minimum;
			sourceTree = "<group>";
		};
		6D5875182089CCE20059E2BE /* Other */ = {
			isa = PBXGroup;
			children = (
				6D5875192089CD010059E2BE /* Main.storyboard */,
				6D58752B2089CDDC0059E2BE /* ViewController.swift */,
			);
			path = Other;
			sourceTree = "<group>";
		};
/* End PBXGroup section */

/* Begin PBXNativeTarget section */
		6D5874FE208986040059E2BE /* Minimum */ = {
			isa = PBXNativeTarget;
			buildConfigurationList = 6D587511208986050059E2BE /* Build configuration list for PBXNativeTarget "Minimum" */;
			buildPhases = (
				6D5874FB208986040059E2BE /* Sources */,
				6D5874FC208986040059E2BE /* Frameworks */,
				6D5874FD208986040059E2BE /* Resources */,
			);
			buildRules = (
			);
			dependencies = (
			);
			name = Minimum;
			productName = CollectionView;
			productReference = 6D5874FF208986040059E2BE /* Minimum.app */;
			productType = "com.apple.product-type.application";
		};
		6D58751B2089CDA20059E2BE /* Other */ = {
			isa = PBXNativeTarget;
			buildConfigurationList = 6D5875252089CDA20059E2BE /* Build configuration list for PBXNativeTarget "Other" */;
			buildPhases = (
				6D58751C2089CDA20059E2BE /* Sources */,
				6D58751F2089CDA20059E2BE /* Frameworks */,
				6D5875202089CDA20059E2BE /* Resources */,
			);
			buildRules = (
			);
			dependencies = (
			);
			name = Other;
			productName = CollectionView;
			productReference = 6D5875282089CDA20059E2BE /* Other.app */;
			productType = "com.apple.product-type.application";
		};
/* End PBXNativeTarget section */

/* Begin PBXProject section */
		6D5874F7208986040059E2BE /* Project object */ = {
			isa = PBXProject;
			attributes = {
				LastSwiftUpdateCheck = 0930;
				LastUpgradeCheck = 0930;
				ORGANIZATIONNAME = "Takehiro Kaneko";
				TargetAttributes = {
					6D5874FE208986040059E2BE = {
						CreatedOnToolsVersion = 9.3;
					};
				};
			};
			buildConfigurationList = 6D5874FA208986040059E2BE /* Build configuration list for PBXProject "CollectionView" */;
			compatibilityVersion = "Xcode 9.3";
			developmentRegion = en;
			hasScannedForEncodings = 0;
			knownRegions = (
				en,
				Base,
			);
			mainGroup = 6D5874F6208986040059E2BE;
			productRefGroup = 6D587500208986040059E2BE /* Products */;
			projectDirPath = "";
			projectRoot = "";
			targets = (
				6D5874FE208986040059E2BE /* Minimum */,
				6D58751B2089CDA20059E2BE /* Other */,
			);
		};
/* End PBXProject section */

/* Begin PBXResourcesBuildPhase section */
		6D5874FD208986040059E2BE /* Resources */ = {
			isa = PBXResourcesBuildPhase;
			buildActionMask = 2147483647;
			files = (
				6D5875302089D1D20059E2BE /* Main.storyboard in Resources */,
				6D58750D208986050059E2BE /* LaunchScreen.storyboard in Resources */,
				6D58750A208986050059E2BE /* Assets.xcassets in Resources */,
			);
			runOnlyForDeploymentPostprocessing = 0;
		};
		6D5875202089CDA20059E2BE /* Resources */ = {
			isa = PBXResourcesBuildPhase;
			buildActionMask = 2147483647;
			files = (
				6D5875212089CDA20059E2BE /* LaunchScreen.storyboard in Resources */,
				6D5875222089CDA20059E2BE /* Main.storyboard in Resources */,
				6D5875232089CDA20059E2BE /* Assets.xcassets in Resources */,
			);
			runOnlyForDeploymentPostprocessing = 0;
		};
/* End PBXResourcesBuildPhase section */

/* Begin PBXSourcesBuildPhase section */
		6D5874FB208986040059E2BE /* Sources */ = {
			isa = PBXSourcesBuildPhase;
			buildActionMask = 2147483647;
			files = (
				6D587505208986040059E2BE /* ViewController.swift in Sources */,
				6D587503208986040059E2BE /* AppDelegate.swift in Sources */,
			);
			runOnlyForDeploymentPostprocessing = 0;
		};
		6D58751C2089CDA20059E2BE /* Sources */ = {
			isa = PBXSourcesBuildPhase;
			buildActionMask = 2147483647;
			files = (
				6D58752D2089CE7B0059E2BE /* ViewController.swift in Sources */,
				6D58751E2089CDA20059E2BE /* AppDelegate.swift in Sources */,
			);
			runOnlyForDeploymentPostprocessing = 0;
		};
/* End PBXSourcesBuildPhase section */

/* Begin PBXVariantGroup section */
		6D58750B208986050059E2BE /* LaunchScreen.storyboard */ = {
			isa = PBXVariantGroup;
			children = (
				6D58750C208986050059E2BE /* Base */,
			);
			name = LaunchScreen.storyboard;
			sourceTree = "<group>";
		};
/* End PBXVariantGroup section */

/* Begin XCBuildConfiguration section */
		6D58750F208986050059E2BE /* Debug */ = {
			isa = XCBuildConfiguration;
			buildSettings = {
				ALWAYS_SEARCH_USER_PATHS = NO;
				CLANG_ANALYZER_NONNULL = YES;
				CLANG_ANALYZER_NUMBER_OBJECT_CONVERSION = YES_AGGRESSIVE;
				CLANG_CXX_LANGUAGE_STANDARD = "gnu++14";
				CLANG_CXX_LIBRARY = "libc++";
				CLANG_ENABLE_MODULES = YES;
				CLANG_ENABLE_OBJC_ARC = YES;
				CLANG_ENABLE_OBJC_WEAK = YES;
				CLANG_WARN_BLOCK_CAPTURE_AUTORELEASING = YES;
				CLANG_WARN_BOOL_CONVERSION = YES;
				CLANG_WARN_COMMA = YES;
				CLANG_WARN_CONSTANT_CONVERSION = YES;
				CLANG_WARN_DEPRECATED_OBJC_IMPLEMENTATIONS = YES;
				CLANG_WARN_DIRECT_OBJC_ISA_USAGE = YES_ERROR;
				CLANG_WARN_DOCUMENTATION_COMMENTS = YES;
				CLANG_WARN_EMPTY_BODY = YES;
				CLANG_WARN_ENUM_CONVERSION = YES;
				CLANG_WARN_INFINITE_RECURSION = YES;
				CLANG_WARN_INT_CONVERSION = YES;
				CLANG_WARN_NON_LITERAL_NULL_CONVERSION = YES;
				CLANG_WARN_OBJC_IMPLICIT_RETAIN_SELF = YES;
				CLANG_WARN_OBJC_LITERAL_CONVERSION = YES;
				CLANG_WARN_OBJC_ROOT_CLASS = YES_ERROR;
				CLANG_WARN_RANGE_LOOP_ANALYSIS = YES;
				CLANG_WARN_STRICT_PROTOTYPES = YES;
				CLANG_WARN_SUSPICIOUS_MOVE = YES;
				CLANG_WARN_UNGUARDED_AVAILABILITY = YES_AGGRESSIVE;
				CLANG_WARN_UNREACHABLE_CODE = YES;
				CLANG_WARN__DUPLICATE_METHOD_MATCH = YES;
				CODE_SIGN_IDENTITY = "iPhone Developer";
				COPY_PHASE_STRIP = NO;
				DEBUG_INFORMATION_FORMAT = dwarf;
				ENABLE_STRICT_OBJC_MSGSEND = YES;
				ENABLE_TESTABILITY = YES;
				GCC_C_LANGUAGE_STANDARD = gnu11;
				GCC_DYNAMIC_NO_PIC = NO;
				GCC_NO_COMMON_BLOCKS = YES;
				GCC_OPTIMIZATION_LEVEL = 0;
				GCC_PREPROCESSOR_DEFINITIONS = (
					"DEBUG=1",
					"$(inherited)",
				);
				GCC_WARN_64_TO_32_BIT_CONVERSION = YES;
				GCC_WARN_ABOUT_RETURN_TYPE = YES_ERROR;
				GCC_WARN_UNDECLARED_SELECTOR = YES;
				GCC_WARN_UNINITIALIZED_AUTOS = YES_AGGRESSIVE;
				GCC_WARN_UNUSED_FUNCTION = YES;
				GCC_WARN_UNUSED_VARIABLE = YES;
				IPHONEOS_DEPLOYMENT_TARGET = 11.3;
				MTL_ENABLE_DEBUG_INFO = YES;
				ONLY_ACTIVE_ARCH = YES;
				SDKROOT = iphoneos;
				SWIFT_ACTIVE_COMPILATION_CONDITIONS = DEBUG;
				SWIFT_OPTIMIZATION_LEVEL = "-Onone";
			};
			name = Debug;
		};
		6D587510208986050059E2BE /* Release */ = {
			isa = XCBuildConfiguration;
			buildSettings = {
				ALWAYS_SEARCH_USER_PATHS = NO;
				CLANG_ANALYZER_NONNULL = YES;
				CLANG_ANALYZER_NUMBER_OBJECT_CONVERSION = YES_AGGRESSIVE;
				CLANG_CXX_LANGUAGE_STANDARD = "gnu++14";
				CLANG_CXX_LIBRARY = "libc++";
				CLANG_ENABLE_MODULES = YES;
				CLANG_ENABLE_OBJC_ARC = YES;
				CLANG_ENABLE_OBJC_WEAK = YES;
				CLANG_WARN_BLOCK_CAPTURE_AUTORELEASING = YES;
				CLANG_WARN_BOOL_CONVERSION = YES;
				CLANG_WARN_COMMA = YES;
				CLANG_WARN_CONSTANT_CONVERSION = YES;
				CLANG_WARN_DEPRECATED_OBJC_IMPLEMENTATIONS = YES;
				CLANG_WARN_DIRECT_OBJC_ISA_USAGE = YES_ERROR;
				CLANG_WARN_DOCUMENTATION_COMMENTS = YES;
				CLANG_WARN_EMPTY_BODY = YES;
				CLANG_WARN_ENUM_CONVERSION = YES;
				CLANG_WARN_INFINITE_RECURSION = YES;
				CLANG_WARN_INT_CONVERSION = YES;
				CLANG_WARN_NON_LITERAL_NULL_CONVERSION = YES;
				CLANG_WARN_OBJC_IMPLICIT_RETAIN_SELF = YES;
				CLANG_WARN_OBJC_LITERAL_CONVERSION = YES;
				CLANG_WARN_OBJC_ROOT_CLASS = YES_ERROR;
				CLANG_WARN_RANGE_LOOP_ANALYSIS = YES;
				CLANG_WARN_STRICT_PROTOTYPES = YES;
				CLANG_WARN_SUSPICIOUS_MOVE = YES;
				CLANG_WARN_UNGUARDED_AVAILABILITY = YES_AGGRESSIVE;
				CLANG_WARN_UNREACHABLE_CODE = YES;
				CLANG_WARN__DUPLICATE_METHOD_MATCH = YES;
				CODE_SIGN_IDENTITY = "iPhone Developer";
				COPY_PHASE_STRIP = NO;
				DEBUG_INFORMATION_FORMAT = "dwarf-with-dsym";
				ENABLE_NS_ASSERTIONS = NO;
				ENABLE_STRICT_OBJC_MSGSEND = YES;
				GCC_C_LANGUAGE_STANDARD = gnu11;
				GCC_NO_COMMON_BLOCKS = YES;
				GCC_WARN_64_TO_32_BIT_CONVERSION = YES;
				GCC_WARN_ABOUT_RETURN_TYPE = YES_ERROR;
				GCC_WARN_UNDECLARED_SELECTOR = YES;
				GCC_WARN_UNINITIALIZED_AUTOS = YES_AGGRESSIVE;
				GCC_WARN_UNUSED_FUNCTION = YES;
				GCC_WARN_UNUSED_VARIABLE = YES;
				IPHONEOS_DEPLOYMENT_TARGET = 11.3;
				MTL_ENABLE_DEBUG_INFO = NO;
				SDKROOT = iphoneos;
				SWIFT_COMPILATION_MODE = wholemodule;
				SWIFT_OPTIMIZATION_LEVEL = "-O";
				VALIDATE_PRODUCT = YES;
			};
			name = Release;
		};
		6D587512208986050059E2BE /* Debug */ = {
			isa = XCBuildConfiguration;
			buildSettings = {
				ASSETCATALOG_COMPILER_APPICON_NAME = AppIcon;
				CODE_SIGN_STYLE = Automatic;
				INFOPLIST_FILE = "$(SRCROOT)/CollectionView/Minimum-Info.plist";
				LD_RUNPATH_SEARCH_PATHS = (
					"$(inherited)",
					"@executable_path/Frameworks",
				);
				PRODUCT_BUNDLE_IDENTIFIER = com.example.CollectionView;
				PRODUCT_NAME = "$(TARGET_NAME)";
				SWIFT_VERSION = 4.0;
				TARGETED_DEVICE_FAMILY = "1,2";
			};
			name = Debug;
		};
		6D587513208986050059E2BE /* Release */ = {
			isa = XCBuildConfiguration;
			buildSettings = {
				ASSETCATALOG_COMPILER_APPICON_NAME = AppIcon;
				CODE_SIGN_STYLE = Automatic;
				INFOPLIST_FILE = "$(SRCROOT)/CollectionView/Minimum-Info.plist";
				LD_RUNPATH_SEARCH_PATHS = (
					"$(inherited)",
					"@executable_path/Frameworks",
				);
				PRODUCT_BUNDLE_IDENTIFIER = com.example.CollectionView;
				PRODUCT_NAME = "$(TARGET_NAME)";
				SWIFT_VERSION = 4.0;
				TARGETED_DEVICE_FAMILY = "1,2";
			};
			name = Release;
		};
		6D5875262089CDA20059E2BE /* Debug */ = {
			isa = XCBuildConfiguration;
			buildSettings = {
				ASSETCATALOG_COMPILER_APPICON_NAME = AppIcon;
				CODE_SIGN_STYLE = Automatic;
				INFOPLIST_FILE = "$(SRCROOT)/CollectionView/Other-Info.plist";
				LD_RUNPATH_SEARCH_PATHS = (
					"$(inherited)",
					"@executable_path/Frameworks",
				);
				PRODUCT_BUNDLE_IDENTIFIER = com.example.CollectionView;
				PRODUCT_NAME = "$(TARGET_NAME)";
				SWIFT_VERSION = 4.0;
				TARGETED_DEVICE_FAMILY = "1,2";
			};
			name = Debug;
		};
		6D5875272089CDA20059E2BE /* Release */ = {
			isa = XCBuildConfiguration;
			buildSettings = {
				ASSETCATALOG_COMPILER_APPICON_NAME = AppIcon;
				CODE_SIGN_STYLE = Automatic;
				INFOPLIST_FILE = "$(SRCROOT)/CollectionView/Other-Info.plist";
				LD_RUNPATH_SEARCH_PATHS = (
					"$(inherited)",
					"@executable_path/Frameworks",
				);
				PRODUCT_BUNDLE_IDENTIFIER = com.example.CollectionView;
				PRODUCT_NAME = "$(TARGET_NAME)";
				SWIFT_VERSION = 4.0;
				TARGETED_DEVICE_FAMILY = "1,2";
			};
			name = Release;
		};
/* End XCBuildConfiguration section */

/* Begin XCConfigurationList section */
		6D5874FA208986040059E2BE /* Build configuration list for PBXProject "CollectionView" */ = {
			isa = XCConfigurationList;
			buildConfigurations = (
				6D58750F208986050059E2BE /* Debug */,
				6D587510208986050059E2BE /* Release */,
			);
			defaultConfigurationIsVisible = 0;
			defaultConfigurationName = Release;
		};
		6D587511208986050059E2BE /* Build configuration list for PBXNativeTarget "Minimum" */ = {
			isa = XCConfigurationList;
			buildConfigurations = (
				6D587512208986050059E2BE /* Debug */,
				6D587513208986050059E2BE /* Release */,
			);
			defaultConfigurationIsVisible = 0;
			defaultConfigurationName = Release;
		};
		6D5875252089CDA20059E2BE /* Build configuration list for PBXNativeTarget "Other" */ = {
			isa = XCConfigurationList;
			buildConfigurations = (
				6D5875262089CDA20059E2BE /* Debug */,
				6D5875272089CDA20059E2BE /* Release */,
			);
			defaultConfigurationIsVisible = 0;
			defaultConfigurationName = Release;
		};
/* End XCConfigurationList section */
	};
	rootObject = 6D5874F7208986040059E2BE /* Project object */;
}
